// !$*UTF8*$!
{
	archiveVersion = 1;
	classes = {
	};
	objectVersion = 54;
	objects = {

/* Begin PBXBuildFile section */
		3A238E8928D2FBD60033A580 /* sampler.swift in Sources */ = {isa = PBXBuildFile; fileRef = 3A238E8828D2FBD60033A580 /* sampler.swift */; };
		3A238EE728D5BED50033A580 /* SystemKit.swift in Sources */ = {isa = PBXBuildFile; fileRef = 3A238EE628D5BED50033A580 /* SystemKit.swift */; };
		3A238EE928D5BF410033A580 /* Logger.swift in Sources */ = {isa = PBXBuildFile; fileRef = 3A238EE828D5BF410033A580 /* Logger.swift */; };
		3A238EEB28D5BFC10033A580 /* helper.swift in Sources */ = {isa = PBXBuildFile; fileRef = 3A238EEA28D5BFC10033A580 /* helper.swift */; };
		3A238EEF28D5C1F20033A580 /* Types.swift in Sources */ = {isa = PBXBuildFile; fileRef = 3A238EEE28D5C1F20033A580 /* Types.swift */; };
		3A238EF128D5C2AA0033A580 /* extensions.swift in Sources */ = {isa = PBXBuildFile; fileRef = 3A238EF028D5C2AA0033A580 /* extensions.swift */; };
		3A238EF328D5C64D0033A580 /* smc.swift in Sources */ = {isa = PBXBuildFile; fileRef = 3A238EF228D5C64D0033A580 /* smc.swift */; };
		3A238EF528D5C6710033A580 /* readers.swift in Sources */ = {isa = PBXBuildFile; fileRef = 3A238EF428D5C6710033A580 /* readers.swift */; };
		3A238EF728D5C6910033A580 /* values.swift in Sources */ = {isa = PBXBuildFile; fileRef = 3A238EF628D5C6910033A580 /* values.swift */; };
		3A238EF928D5C8210033A580 /* reader.swift in Sources */ = {isa = PBXBuildFile; fileRef = 3A238EF828D5C8210033A580 /* reader.swift */; };
		3A238EFB28D5C9360033A580 /* Sensors.swift in Sources */ = {isa = PBXBuildFile; fileRef = 3A238EFA28D5C9360033A580 /* Sensors.swift */; };
		3A238EFD28D5C9B70033A580 /* Module.swift in Sources */ = {isa = PBXBuildFile; fileRef = 3A238EFC28D5C9B70033A580 /* Module.swift */; };
		3A238F0128D5CCEF0033A580 /* Repeater.swift in Sources */ = {isa = PBXBuildFile; fileRef = 3A238F0028D5CCEF0033A580 /* Repeater.swift */; };
		3A3DA87E28DC91C000BFEFAC /* render.swift in Sources */ = {isa = PBXBuildFile; fileRef = 3A3DA87D28DC91C000BFEFAC /* render.swift */; };
		3A3DA88628DEDC5B00BFEFAC /* util.swift in Sources */ = {isa = PBXBuildFile; fileRef = 3A3DA88528DEDC5B00BFEFAC /* util.swift */; };
		3A3DA8AC28E0A76D00BFEFAC /* ArgumentParser in Frameworks */ = {isa = PBXBuildFile; productRef = 3A3DA8AB28E0A76D00BFEFAC /* ArgumentParser */; };
		3A8A035528E3F0800027B16E /* main.swift in Sources */ = {isa = PBXBuildFile; fileRef = 3A8A035428E3F0800027B16E /* main.swift */; };
		3A8A035A28E3F6EE0027B16E /* libIOReport.tbd in Frameworks */ = {isa = PBXBuildFile; fileRef = 3AF36E0B28D21A4C00DA3EB3 /* libIOReport.tbd */; };
		3A9A723328D15F5C0021E6F1 /* static.swift in Sources */ = {isa = PBXBuildFile; fileRef = 3A9A723228D15F5C0021E6F1 /* static.swift */; };
		3AC4FF342ACEBA9100880617 /* render.swift in Sources */ = {isa = PBXBuildFile; fileRef = 3A3DA87D28DC91C000BFEFAC /* render.swift */; };
		3AC974B5298184EF00DA67A8 /* readers.m in Sources */ = {isa = PBXBuildFile; fileRef = 3AC974B4298184EF00DA67A8 /* readers.m */; };
		3AC9F1EA28F02E7B008C5D5C /* libncurses.tbd in Frameworks */ = {isa = PBXBuildFile; fileRef = 3AC9F1E928F02E6F008C5D5C /* libncurses.tbd */; };
		3AECE96B297AEB4000D45A12 /* Alamofire in Frameworks */ = {isa = PBXBuildFile; productRef = 3AECE96A297AEB4000D45A12 /* Alamofire */; };
		3AECE971297AFCF500D45A12 /* neoasitop.swift in Sources */ = {isa = PBXBuildFile; fileRef = 3AECE970297AFCF500D45A12 /* neoasitop.swift */; };
		3AF36E0C28D21A6B00DA3EB3 /* libIOReport.tbd in Frameworks */ = {isa = PBXBuildFile; fileRef = 3AF36E0B28D21A4C00DA3EB3 /* libIOReport.tbd */; };
		3AF36E0E28D2ACCC00DA3EB3 /* head.swift in Sources */ = {isa = PBXBuildFile; fileRef = 3AF36E0D28D2ACCC00DA3EB3 /* head.swift */; };
/* End PBXBuildFile section */

/* Begin PBXCopyFilesBuildPhase section */
		3A8A035028E3F0800027B16E /* CopyFiles */ = {
			isa = PBXCopyFilesBuildPhase;
			buildActionMask = 2147483647;
			dstPath = /usr/share/man/man1/;
			dstSubfolderSpec = 0;
			files = (
			);
			runOnlyForDeploymentPostprocessing = 1;
		};
		3A9A722628D15EBB0021E6F1 /* CopyFiles */ = {
			isa = PBXCopyFilesBuildPhase;
			buildActionMask = 2147483647;
			dstPath = /usr/share/man/man1/;
			dstSubfolderSpec = 0;
			files = (
			);
			runOnlyForDeploymentPostprocessing = 1;
		};
/* End PBXCopyFilesBuildPhase section */

/* Begin PBXFileReference section */
		3A238E8828D2FBD60033A580 /* sampler.swift */ = {isa = PBXFileReference; lastKnownFileType = sourcecode.swift; path = sampler.swift; sourceTree = "<group>"; };
		3A238EE628D5BED50033A580 /* SystemKit.swift */ = {isa = PBXFileReference; lastKnownFileType = sourcecode.swift; path = SystemKit.swift; sourceTree = "<group>"; };
		3A238EE828D5BF410033A580 /* Logger.swift */ = {isa = PBXFileReference; lastKnownFileType = sourcecode.swift; path = Logger.swift; sourceTree = "<group>"; };
		3A238EEA28D5BFC10033A580 /* helper.swift */ = {isa = PBXFileReference; lastKnownFileType = sourcecode.swift; path = helper.swift; sourceTree = "<group>"; };
		3A238EEE28D5C1F20033A580 /* Types.swift */ = {isa = PBXFileReference; lastKnownFileType = sourcecode.swift; path = Types.swift; sourceTree = "<group>"; };
		3A238EF028D5C2AA0033A580 /* extensions.swift */ = {isa = PBXFileReference; lastKnownFileType = sourcecode.swift; path = extensions.swift; sourceTree = "<group>"; };
		3A238EF228D5C64D0033A580 /* smc.swift */ = {isa = PBXFileReference; lastKnownFileType = sourcecode.swift; path = smc.swift; sourceTree = "<group>"; };
		3A238EF428D5C6710033A580 /* readers.swift */ = {isa = PBXFileReference; lastKnownFileType = sourcecode.swift; path = readers.swift; sourceTree = "<group>"; };
		3A238EF628D5C6910033A580 /* values.swift */ = {isa = PBXFileReference; lastKnownFileType = sourcecode.swift; path = values.swift; sourceTree = "<group>"; };
		3A238EF828D5C8210033A580 /* reader.swift */ = {isa = PBXFileReference; lastKnownFileType = sourcecode.swift; path = reader.swift; sourceTree = "<group>"; };
		3A238EFA28D5C9360033A580 /* Sensors.swift */ = {isa = PBXFileReference; lastKnownFileType = sourcecode.swift; path = Sensors.swift; sourceTree = "<group>"; };
		3A238EFC28D5C9B70033A580 /* Module.swift */ = {isa = PBXFileReference; lastKnownFileType = sourcecode.swift; path = Module.swift; sourceTree = "<group>"; };
		3A238F0028D5CCEF0033A580 /* Repeater.swift */ = {isa = PBXFileReference; lastKnownFileType = sourcecode.swift; path = Repeater.swift; sourceTree = "<group>"; };
		3A238F0228D5E32F0033A580 /* License */ = {isa = PBXFileReference; lastKnownFileType = text; path = License; sourceTree = "<group>"; };
		3A3DA87D28DC91C000BFEFAC /* render.swift */ = {isa = PBXFileReference; lastKnownFileType = sourcecode.swift; path = render.swift; sourceTree = "<group>"; tabWidth = 5; };
		3A3DA88528DEDC5B00BFEFAC /* util.swift */ = {isa = PBXFileReference; lastKnownFileType = sourcecode.swift; path = util.swift; sourceTree = "<group>"; };
		3A8A035228E3F0800027B16E /* IOReportDump */ = {isa = PBXFileReference; explicitFileType = "compiled.mach-o.executable"; includeInIndex = 0; path = IOReportDump; sourceTree = BUILT_PRODUCTS_DIR; };
		3A8A035428E3F0800027B16E /* main.swift */ = {isa = PBXFileReference; lastKnownFileType = sourcecode.swift; path = main.swift; sourceTree = "<group>"; };
		3A9A722828D15EBB0021E6F1 /* socpowerbuddy_swift */ = {isa = PBXFileReference; explicitFileType = "compiled.mach-o.executable"; includeInIndex = 0; path = socpowerbuddy_swift; sourceTree = BUILT_PRODUCTS_DIR; };
		3A9A723228D15F5C0021E6F1 /* static.swift */ = {isa = PBXFileReference; lastKnownFileType = sourcecode.swift; path = static.swift; sourceTree = "<group>"; };
		3AC974B4298184EF00DA67A8 /* readers.m */ = {isa = PBXFileReference; lastKnownFileType = sourcecode.c.objc; path = readers.m; sourceTree = "<group>"; };
		3AC9F1E928F02E6F008C5D5C /* libncurses.tbd */ = {isa = PBXFileReference; lastKnownFileType = "sourcecode.text-based-dylib-definition"; name = libncurses.tbd; path = usr/lib/libncurses.tbd; sourceTree = SDKROOT; };
		3AECE970297AFCF500D45A12 /* neoasitop.swift */ = {isa = PBXFileReference; fileEncoding = 4; lastKnownFileType = sourcecode.swift; path = neoasitop.swift; sourceTree = "<group>"; };
		3AF36E0728D216A800DA3EB3 /* socpwrbud.h */ = {isa = PBXFileReference; lastKnownFileType = sourcecode.c.h; path = socpwrbud.h; sourceTree = "<group>"; };
		3AF36E0828D2174A00DA3EB3 /* socpowerbuddy_bridge.h */ = {isa = PBXFileReference; lastKnownFileType = sourcecode.c.h; path = socpowerbuddy_bridge.h; sourceTree = "<group>"; };
		3AF36E0B28D21A4C00DA3EB3 /* libIOReport.tbd */ = {isa = PBXFileReference; lastKnownFileType = "sourcecode.text-based-dylib-definition"; name = libIOReport.tbd; path = usr/lib/libIOReport.tbd; sourceTree = SDKROOT; };
		3AF36E0D28D2ACCC00DA3EB3 /* head.swift */ = {isa = PBXFileReference; lastKnownFileType = sourcecode.swift; path = head.swift; sourceTree = "<group>"; };
/* End PBXFileReference section */

/* Begin PBXFrameworksBuildPhase section */
		3A8A034F28E3F0800027B16E /* Frameworks */ = {
			isa = PBXFrameworksBuildPhase;
			buildActionMask = 2147483647;
			files = (
				3A8A035A28E3F6EE0027B16E /* libIOReport.tbd in Frameworks */,
			);
			runOnlyForDeploymentPostprocessing = 0;
		};
		3A9A722528D15EBB0021E6F1 /* Frameworks */ = {
			isa = PBXFrameworksBuildPhase;
			buildActionMask = 2147483647;
			files = (
				3AF36E0C28D21A6B00DA3EB3 /* libIOReport.tbd in Frameworks */,
				3AECE96B297AEB4000D45A12 /* Alamofire in Frameworks */,
				3A3DA8AC28E0A76D00BFEFAC /* ArgumentParser in Frameworks */,
				3AC9F1EA28F02E7B008C5D5C /* libncurses.tbd in Frameworks */,
			);
			runOnlyForDeploymentPostprocessing = 0;
		};
/* End PBXFrameworksBuildPhase section */

/* Begin PBXGroup section */
		3A8A035328E3F0800027B16E /* IOReportDump */ = {
			isa = PBXGroup;
			children = (
				3A8A035428E3F0800027B16E /* main.swift */,
			);
			path = IOReportDump;
			sourceTree = "<group>";
		};
		3A9A721F28D15EBB0021E6F1 = {
			isa = PBXGroup;
			children = (
				3A238F0228D5E32F0033A580 /* License */,
				3A9A722A28D15EBB0021E6F1 /* socpowerbuddy_swift */,
				3A8A035328E3F0800027B16E /* IOReportDump */,
				3A9A722928D15EBB0021E6F1 /* Products */,
				3AF36E0928D21A3600DA3EB3 /* Frameworks */,
			);
			sourceTree = "<group>";
		};
		3A9A722928D15EBB0021E6F1 /* Products */ = {
			isa = PBXGroup;
			children = (
				3A9A722828D15EBB0021E6F1 /* socpowerbuddy_swift */,
				3A8A035228E3F0800027B16E /* IOReportDump */,
			);
			name = Products;
			sourceTree = "<group>";
		};
		3A9A722A28D15EBB0021E6F1 /* socpowerbuddy_swift */ = {
			isa = PBXGroup;
			children = (
				3AECE970297AFCF500D45A12 /* neoasitop.swift */,
				3A9A723228D15F5C0021E6F1 /* static.swift */,
				3AF36E0728D216A800DA3EB3 /* socpwrbud.h */,
				3AF36E0828D2174A00DA3EB3 /* socpowerbuddy_bridge.h */,
				3AF36E0D28D2ACCC00DA3EB3 /* head.swift */,
				3A238E8828D2FBD60033A580 /* sampler.swift */,
				3A238EE628D5BED50033A580 /* SystemKit.swift */,
				3A238EE828D5BF410033A580 /* Logger.swift */,
				3A238EEA28D5BFC10033A580 /* helper.swift */,
				3A238EEE28D5C1F20033A580 /* Types.swift */,
				3A238EF028D5C2AA0033A580 /* extensions.swift */,
				3A238EF228D5C64D0033A580 /* smc.swift */,
				3A238EF428D5C6710033A580 /* readers.swift */,
				3A238EF628D5C6910033A580 /* values.swift */,
				3A238EF828D5C8210033A580 /* reader.swift */,
				3A238EFA28D5C9360033A580 /* Sensors.swift */,
				3A238EFC28D5C9B70033A580 /* Module.swift */,
				3A238F0028D5CCEF0033A580 /* Repeater.swift */,
				3A3DA87D28DC91C000BFEFAC /* render.swift */,
				3A3DA88528DEDC5B00BFEFAC /* util.swift */,
				3AC974B4298184EF00DA67A8 /* readers.m */,
			);
			path = socpowerbuddy_swift;
			sourceTree = "<group>";
		};
		3AF36E0928D21A3600DA3EB3 /* Frameworks */ = {
			isa = PBXGroup;
			children = (
				3AC9F1E928F02E6F008C5D5C /* libncurses.tbd */,
				3AF36E0B28D21A4C00DA3EB3 /* libIOReport.tbd */,
			);
			name = Frameworks;
			sourceTree = "<group>";
		};
/* End PBXGroup section */

/* Begin PBXNativeTarget section */
		3A8A035128E3F0800027B16E /* IOReportDump */ = {
			isa = PBXNativeTarget;
			buildConfigurationList = 3A8A035828E3F0800027B16E /* Build configuration list for PBXNativeTarget "IOReportDump" */;
			buildPhases = (
				3A8A034E28E3F0800027B16E /* Sources */,
				3A8A034F28E3F0800027B16E /* Frameworks */,
				3A8A035028E3F0800027B16E /* CopyFiles */,
			);
			buildRules = (
			);
			dependencies = (
			);
			name = IOReportDump;
			productName = IOReportDump;
			productReference = 3A8A035228E3F0800027B16E /* IOReportDump */;
			productType = "com.apple.product-type.tool";
		};
		3A9A722728D15EBB0021E6F1 /* socpowerbuddy_swift */ = {
			isa = PBXNativeTarget;
			buildConfigurationList = 3A9A722F28D15EBB0021E6F1 /* Build configuration list for PBXNativeTarget "socpowerbuddy_swift" */;
			buildPhases = (
				3A9A722428D15EBB0021E6F1 /* Sources */,
				3A9A722528D15EBB0021E6F1 /* Frameworks */,
				3A9A722628D15EBB0021E6F1 /* CopyFiles */,
			);
			buildRules = (
			);
			dependencies = (
			);
			name = socpowerbuddy_swift;
			packageProductDependencies = (
				3A3DA8AB28E0A76D00BFEFAC /* ArgumentParser */,
				3AECE96A297AEB4000D45A12 /* Alamofire */,
			);
			productName = socpowerbuddy_swift;
			productReference = 3A9A722828D15EBB0021E6F1 /* socpowerbuddy_swift */;
			productType = "com.apple.product-type.tool";
		};
/* End PBXNativeTarget section */

/* Begin PBXProject section */
		3A9A722028D15EBB0021E6F1 /* Project object */ = {
			isa = PBXProject;
			attributes = {
				BuildIndependentTargetsInParallel = 1;
				LastSwiftUpdateCheck = 1400;
				LastUpgradeCheck = 1410;
				TargetAttributes = {
					3A8A035128E3F0800027B16E = {
						CreatedOnToolsVersion = 14.0;
					};
					3A9A722728D15EBB0021E6F1 = {
						CreatedOnToolsVersion = 14.0;
					};
				};
			};
			buildConfigurationList = 3A9A722328D15EBB0021E6F1 /* Build configuration list for PBXProject "socpowerbuddy_swift" */;
			compatibilityVersion = "Xcode 12.0";
			developmentRegion = en;
			hasScannedForEncodings = 0;
			knownRegions = (
				en,
				Base,
			);
			mainGroup = 3A9A721F28D15EBB0021E6F1;
			packageReferences = (
				3A3DA8A628E09E4500BFEFAC /* XCRemoteSwiftPackageReference "swift-argument-parser" */,
				3AECE969297AEB4000D45A12 /* XCRemoteSwiftPackageReference "Alamofire" */,
			);
			productRefGroup = 3A9A722928D15EBB0021E6F1 /* Products */;
			projectDirPath = "";
			projectRoot = "";
			targets = (
				3A9A722728D15EBB0021E6F1 /* socpowerbuddy_swift */,
				3A8A035128E3F0800027B16E /* IOReportDump */,
			);
		};
/* End PBXProject section */

/* Begin PBXSourcesBuildPhase section */
		3A8A034E28E3F0800027B16E /* Sources */ = {
			isa = PBXSourcesBuildPhase;
			buildActionMask = 2147483647;
			files = (
				3A8A035528E3F0800027B16E /* main.swift in Sources */,
				3AC4FF342ACEBA9100880617 /* render.swift in Sources */,
			);
			runOnlyForDeploymentPostprocessing = 0;
		};
		3A9A722428D15EBB0021E6F1 /* Sources */ = {
			isa = PBXSourcesBuildPhase;
			buildActionMask = 2147483647;
			files = (
				3A238E8928D2FBD60033A580 /* sampler.swift in Sources */,
				3A238F0128D5CCEF0033A580 /* Repeater.swift in Sources */,
				3A238EE928D5BF410033A580 /* Logger.swift in Sources */,
				3AECE971297AFCF500D45A12 /* neoasitop.swift in Sources */,
				3A3DA88628DEDC5B00BFEFAC /* util.swift in Sources */,
				3A238EEB28D5BFC10033A580 /* helper.swift in Sources */,
				3A238EF528D5C6710033A580 /* readers.swift in Sources */,
				3AC974B5298184EF00DA67A8 /* readers.m in Sources */,
				3A3DA87E28DC91C000BFEFAC /* render.swift in Sources */,
				3A238EF328D5C64D0033A580 /* smc.swift in Sources */,
				3A238EEF28D5C1F20033A580 /* Types.swift in Sources */,
				3AF36E0E28D2ACCC00DA3EB3 /* head.swift in Sources */,
				3A238EF128D5C2AA0033A580 /* extensions.swift in Sources */,
				3A238EFD28D5C9B70033A580 /* Module.swift in Sources */,
				3A238EE728D5BED50033A580 /* SystemKit.swift in Sources */,
				3A238EF928D5C8210033A580 /* reader.swift in Sources */,
				3A9A723328D15F5C0021E6F1 /* static.swift in Sources */,
				3A238EF728D5C6910033A580 /* values.swift in Sources */,
				3A238EFB28D5C9360033A580 /* Sensors.swift in Sources */,
			);
			runOnlyForDeploymentPostprocessing = 0;
		};
/* End PBXSourcesBuildPhase section */

/* Begin XCBuildConfiguration section */
		3A8A035628E3F0800027B16E /* Debug */ = {
			isa = XCBuildConfiguration;
			buildSettings = {
				CODE_SIGN_IDENTITY = "-";
				CODE_SIGN_STYLE = Automatic;
				DEAD_CODE_STRIPPING = YES;
				DEVELOPMENT_TEAM = YWGL7275TN;
				ENABLE_HARDENED_RUNTIME = YES;
				MACOSX_DEPLOYMENT_TARGET = 11.0;
				PRODUCT_NAME = "$(TARGET_NAME)";
				"SWIFT_OBJC_BRIDGING_HEADER[arch=*]" = ./socpowerbuddy_swift/socpowerbuddy_bridge.h;
				SWIFT_VERSION = 5.0;
			};
			name = Debug;
		};
		3A8A035728E3F0800027B16E /* Release */ = {
			isa = XCBuildConfiguration;
			buildSettings = {
				CODE_SIGN_IDENTITY = "-";
				CODE_SIGN_STYLE = Automatic;
				DEAD_CODE_STRIPPING = YES;
				DEVELOPMENT_TEAM = YWGL7275TN;
				ENABLE_HARDENED_RUNTIME = YES;
				MACOSX_DEPLOYMENT_TARGET = 11.0;
				PRODUCT_NAME = "$(TARGET_NAME)";
				"SWIFT_OBJC_BRIDGING_HEADER[arch=*]" = ./socpowerbuddy_swift/socpowerbuddy_bridge.h;
				SWIFT_VERSION = 5.0;
			};
			name = Release;
		};
		3A9A722D28D15EBB0021E6F1 /* Debug */ = {
			isa = XCBuildConfiguration;
			buildSettings = {
				ALWAYS_SEARCH_USER_PATHS = NO;
				CLANG_ANALYZER_NONNULL = YES;
				CLANG_ANALYZER_NUMBER_OBJECT_CONVERSION = YES_AGGRESSIVE;
				CLANG_CXX_LANGUAGE_STANDARD = "gnu++20";
				CLANG_ENABLE_MODULES = YES;
				CLANG_ENABLE_OBJC_ARC = YES;
				CLANG_ENABLE_OBJC_WEAK = YES;
				CLANG_WARN_BLOCK_CAPTURE_AUTORELEASING = YES;
				CLANG_WARN_BOOL_CONVERSION = YES;
				CLANG_WARN_COMMA = YES;
				CLANG_WARN_CONSTANT_CONVERSION = YES;
				CLANG_WARN_DEPRECATED_OBJC_IMPLEMENTATIONS = YES;
				CLANG_WARN_DIRECT_OBJC_ISA_USAGE = YES_ERROR;
				CLANG_WARN_DOCUMENTATION_COMMENTS = YES;
				CLANG_WARN_EMPTY_BODY = YES;
				CLANG_WARN_ENUM_CONVERSION = YES;
				CLANG_WARN_INFINITE_RECURSION = YES;
				CLANG_WARN_INT_CONVERSION = YES;
				CLANG_WARN_NON_LITERAL_NULL_CONVERSION = YES;
				CLANG_WARN_OBJC_IMPLICIT_RETAIN_SELF = YES;
				CLANG_WARN_OBJC_LITERAL_CONVERSION = YES;
				CLANG_WARN_OBJC_ROOT_CLASS = YES_ERROR;
				CLANG_WARN_QUOTED_INCLUDE_IN_FRAMEWORK_HEADER = YES;
				CLANG_WARN_RANGE_LOOP_ANALYSIS = YES;
				CLANG_WARN_STRICT_PROTOTYPES = YES;
				CLANG_WARN_SUSPICIOUS_MOVE = YES;
				CLANG_WARN_UNGUARDED_AVAILABILITY = YES_AGGRESSIVE;
				CLANG_WARN_UNREACHABLE_CODE = YES;
				CLANG_WARN__DUPLICATE_METHOD_MATCH = YES;
				COPY_PHASE_STRIP = NO;
				DEAD_CODE_STRIPPING = YES;
				DEBUG_INFORMATION_FORMAT = dwarf;
				ENABLE_STRICT_OBJC_MSGSEND = YES;
				ENABLE_TESTABILITY = YES;
				GCC_C_LANGUAGE_STANDARD = gnu11;
				GCC_DYNAMIC_NO_PIC = NO;
				GCC_NO_COMMON_BLOCKS = YES;
				GCC_OPTIMIZATION_LEVEL = 0;
				GCC_PREPROCESSOR_DEFINITIONS = (
					"DEBUG=1",
					"$(inherited)",
				);
				GCC_WARN_64_TO_32_BIT_CONVERSION = YES;
				GCC_WARN_ABOUT_RETURN_TYPE = YES_ERROR;
				GCC_WARN_UNDECLARED_SELECTOR = YES;
				GCC_WARN_UNINITIALIZED_AUTOS = YES_AGGRESSIVE;
				GCC_WARN_UNUSED_FUNCTION = YES;
				GCC_WARN_UNUSED_VARIABLE = YES;
				MACOSX_DEPLOYMENT_TARGET = 11.0;
				MTL_ENABLE_DEBUG_INFO = INCLUDE_SOURCE;
				MTL_FAST_MATH = YES;
				ONLY_ACTIVE_ARCH = YES;
				SDKROOT = macosx;
				SWIFT_ACTIVE_COMPILATION_CONDITIONS = DEBUG;
				"SWIFT_OBJC_BRIDGING_HEADER[arch=*]" = ./socpowerbuddy_swift/socpowerbuddy_bridge.h;
				SWIFT_OPTIMIZATION_LEVEL = "-Onone";
			};
			name = Debug;
		};
		3A9A722E28D15EBB0021E6F1 /* Release */ = {
			isa = XCBuildConfiguration;
			buildSettings = {
				ALWAYS_SEARCH_USER_PATHS = NO;
				CLANG_ANALYZER_NONNULL = YES;
				CLANG_ANALYZER_NUMBER_OBJECT_CONVERSION = YES_AGGRESSIVE;
				CLANG_CXX_LANGUAGE_STANDARD = "gnu++20";
				CLANG_ENABLE_MODULES = YES;
				CLANG_ENABLE_OBJC_ARC = YES;
				CLANG_ENABLE_OBJC_WEAK = YES;
				CLANG_WARN_BLOCK_CAPTURE_AUTORELEASING = YES;
				CLANG_WARN_BOOL_CONVERSION = YES;
				CLANG_WARN_COMMA = YES;
				CLANG_WARN_CONSTANT_CONVERSION = YES;
				CLANG_WARN_DEPRECATED_OBJC_IMPLEMENTATIONS = YES;
				CLANG_WARN_DIRECT_OBJC_ISA_USAGE = YES_ERROR;
				CLANG_WARN_DOCUMENTATION_COMMENTS = YES;
				CLANG_WARN_EMPTY_BODY = YES;
				CLANG_WARN_ENUM_CONVERSION = YES;
				CLANG_WARN_INFINITE_RECURSION = YES;
				CLANG_WARN_INT_CONVERSION = YES;
				CLANG_WARN_NON_LITERAL_NULL_CONVERSION = YES;
				CLANG_WARN_OBJC_IMPLICIT_RETAIN_SELF = YES;
				CLANG_WARN_OBJC_LITERAL_CONVERSION = YES;
				CLANG_WARN_OBJC_ROOT_CLASS = YES_ERROR;
				CLANG_WARN_QUOTED_INCLUDE_IN_FRAMEWORK_HEADER = YES;
				CLANG_WARN_RANGE_LOOP_ANALYSIS = YES;
				CLANG_WARN_STRICT_PROTOTYPES = YES;
				CLANG_WARN_SUSPICIOUS_MOVE = YES;
				CLANG_WARN_UNGUARDED_AVAILABILITY = YES_AGGRESSIVE;
				CLANG_WARN_UNREACHABLE_CODE = YES;
				CLANG_WARN__DUPLICATE_METHOD_MATCH = YES;
				COPY_PHASE_STRIP = NO;
				DEAD_CODE_STRIPPING = YES;
				DEBUG_INFORMATION_FORMAT = "dwarf-with-dsym";
				ENABLE_NS_ASSERTIONS = NO;
				ENABLE_STRICT_OBJC_MSGSEND = YES;
				GCC_C_LANGUAGE_STANDARD = gnu11;
				GCC_NO_COMMON_BLOCKS = YES;
				GCC_WARN_64_TO_32_BIT_CONVERSION = YES;
				GCC_WARN_ABOUT_RETURN_TYPE = YES_ERROR;
				GCC_WARN_UNDECLARED_SELECTOR = YES;
				GCC_WARN_UNINITIALIZED_AUTOS = YES_AGGRESSIVE;
				GCC_WARN_UNUSED_FUNCTION = YES;
				GCC_WARN_UNUSED_VARIABLE = YES;
				MACOSX_DEPLOYMENT_TARGET = 11.0;
				MTL_ENABLE_DEBUG_INFO = NO;
				MTL_FAST_MATH = YES;
				SDKROOT = macosx;
				SWIFT_COMPILATION_MODE = wholemodule;
				"SWIFT_OBJC_BRIDGING_HEADER[arch=*]" = ./socpowerbuddy_swift/socpowerbuddy_bridge.h;
				SWIFT_OPTIMIZATION_LEVEL = "-O";
			};
			name = Release;
		};
		3A9A723028D15EBB0021E6F1 /* Debug */ = {
			isa = XCBuildConfiguration;
			buildSettings = {
				CODE_SIGN_IDENTITY = "-";
				"CODE_SIGN_IDENTITY[sdk=macosx*]" = "-";
				CODE_SIGN_STYLE = Automatic;
				DEAD_CODE_STRIPPING = YES;
				DEVELOPMENT_TEAM = YWGL7275TN;
				ENABLE_HARDENED_RUNTIME = NO;
				PRODUCT_NAME = "$(TARGET_NAME)";
				SWIFT_OBJC_BRIDGING_HEADER = socpowerbuddy_swift/socpowerbuddy_bridge.h;
				SWIFT_VERSION = 5.0;
			};
			name = Debug;
		};
		3A9A723128D15EBB0021E6F1 /* Release */ = {
			isa = XCBuildConfiguration;
			buildSettings = {
				CODE_SIGN_IDENTITY = "-";
				"CODE_SIGN_IDENTITY[sdk=macosx*]" = "-";
				CODE_SIGN_STYLE = Automatic;
				DEAD_CODE_STRIPPING = YES;
				DEVELOPMENT_TEAM = YWGL7275TN;
				ENABLE_HARDENED_RUNTIME = NO;
				PRODUCT_NAME = "$(TARGET_NAME)";
				SWIFT_OBJC_BRIDGING_HEADER = socpowerbuddy_swift/socpowerbuddy_bridge.h;
				SWIFT_VERSION = 5.0;
			};
			name = Release;
		};
/* End XCBuildConfiguration section */

/* Begin XCConfigurationList section */
		3A8A035828E3F0800027B16E /* Build configuration list for PBXNativeTarget "IOReportDump" */ = {
			isa = XCConfigurationList;
			buildConfigurations = (
				3A8A035628E3F0800027B16E /* Debug */,
				3A8A035728E3F0800027B16E /* Release */,
			);
			defaultConfigurationIsVisible = 0;
			defaultConfigurationName = Release;
		};
		3A9A722328D15EBB0021E6F1 /* Build configuration list for PBXProject "socpowerbuddy_swift" */ = {
			isa = XCConfigurationList;
			buildConfigurations = (
				3A9A722D28D15EBB0021E6F1 /* Debug */,
				3A9A722E28D15EBB0021E6F1 /* Release */,
			);
			defaultConfigurationIsVisible = 0;
			defaultConfigurationName = Release;
		};
		3A9A722F28D15EBB0021E6F1 /* Build configuration list for PBXNativeTarget "socpowerbuddy_swift" */ = {
			isa = XCConfigurationList;
			buildConfigurations = (
				3A9A723028D15EBB0021E6F1 /* Debug */,
				3A9A723128D15EBB0021E6F1 /* Release */,
			);
			defaultConfigurationIsVisible = 0;
			defaultConfigurationName = Release;
		};
/* End XCConfigurationList section */

/* Begin XCRemoteSwiftPackageReference section */
		3A3DA8A628E09E4500BFEFAC /* XCRemoteSwiftPackageReference "swift-argument-parser" */ = {
			isa = XCRemoteSwiftPackageReference;
			repositoryURL = "https://github.com/apple/swift-argument-parser.git";
			requirement = {
				kind = upToNextMajorVersion;
				minimumVersion = 1.0.0;
			};
		};
		3AECE969297AEB4000D45A12 /* XCRemoteSwiftPackageReference "Alamofire" */ = {
			isa = XCRemoteSwiftPackageReference;
			repositoryURL = "https://github.com/Alamofire/Alamofire.git";
			requirement = {
				kind = upToNextMajorVersion;
				minimumVersion = 5.0.0;
			};
		};
/* End XCRemoteSwiftPackageReference section */

/* Begin XCSwiftPackageProductDependency section */
		3A3DA8AB28E0A76D00BFEFAC /* ArgumentParser */ = {
			isa = XCSwiftPackageProductDependency;
			package = 3A3DA8A628E09E4500BFEFAC /* XCRemoteSwiftPackageReference "swift-argument-parser" */;
			productName = ArgumentParser;
		};
		3AECE96A297AEB4000D45A12 /* Alamofire */ = {
			isa = XCSwiftPackageProductDependency;
			package = 3AECE969297AEB4000D45A12 /* XCRemoteSwiftPackageReference "Alamofire" */;
			productName = Alamofire;
		};
/* End XCSwiftPackageProductDependency section */
	};
	rootObject = 3A9A722028D15EBB0021E6F1 /* Project object */;
}
